
Microsoft Visual Studio Solution File, Format Version 12.00
Project("{FAE04EC0-301F-11D3-BF4B-00C04F79EFBC}") = "MessagerBroker.API", "MessagerBroker.API\MessagerBroker.API.csproj", "{99ACEADC-A645-47B4-9521-6667B4914BFB}"
EndProject
Project("{2150E333-8FDC-42A3-9474-1A3956D46DE8}") = "Consumers", "Consumers", "{0A08FDC2-626B-461C-93B0-254BF063B5FD}"
EndProject
Project("{FAE04EC0-301F-11D3-BF4B-00C04F79EFBC}") = "MessagerBroker.Consumer", "MessagerBroker.Consumer\MessagerBroker.Consumer.csproj", "{4205A5C1-8ADB-4A4C-BABB-1EF415034DE1}"
EndProject
Global
	GlobalSection(SolutionConfigurationPlatforms) = preSolution
		Debug|Any CPU = Debug|Any CPU
		Release|Any CPU = Release|Any CPU
	EndGlobalSection
	GlobalSection(ProjectConfigurationPlatforms) = postSolution
		{99ACEADC-A645-47B4-9521-6667B4914BFB}.Debug|Any CPU.ActiveCfg = Debug|Any CPU
		{99ACEADC-A645-47B4-9521-6667B4914BFB}.Debug|Any CPU.Build.0 = Debug|Any CPU
		{99ACEADC-A645-47B4-9521-6667B4914BFB}.Release|Any CPU.ActiveCfg = Release|Any CPU
		{99ACEADC-A645-47B4-9521-6667B4914BFB}.Release|Any CPU.Build.0 = Release|Any CPU
		{4205A5C1-8ADB-4A4C-BABB-1EF415034DE1}.Debug|Any CPU.ActiveCfg = Debug|Any CPU
		{4205A5C1-8ADB-4A4C-BABB-1EF415034DE1}.Debug|Any CPU.Build.0 = Debug|Any CPU
		{4205A5C1-8ADB-4A4C-BABB-1EF415034DE1}.Release|Any CPU.ActiveCfg = Release|Any CPU
		{4205A5C1-8ADB-4A4C-BABB-1EF415034DE1}.Release|Any CPU.Build.0 = Release|Any CPU
	EndGlobalSection
	GlobalSection(NestedProjects) = preSolution
		{4205A5C1-8ADB-4A4C-BABB-1EF415034DE1} = {0A08FDC2-626B-461C-93B0-254BF063B5FD}
	EndGlobalSection
EndGlobal
